# This file is automatically @generated by Poetry 1.8.3 and should not be changed by hand.

[[package]]
name = "pulp"
version = "2.9.0"
description = "PuLP is an LP modeler written in python. PuLP can generate MPS or LP files and call GLPK, COIN CLP/CBC, CPLEX, and GUROBI to solve linear problems."
optional = false
python-versions = ">=3.7"
files = [
    {file = "PuLP-2.9.0-py3-none-any.whl", hash = "sha256:ad6a9b566d8458f4d05f4bfe2cea59e32885dd1da6929a361be579222107987c"},
    {file = "pulp-2.9.0.tar.gz", hash = "sha256:2e30e6c0ef2c0edac185220e3e53faca62eb786a9bd68465208f05bc63e850f3"},
]

[metadata]
lock-version = "2.0"
python-versions = "^3.12"
content-hash = "05dc1e2039e16b20385dc66e484e8563f9868e48e6d5d278ae1ced6dceda3124"
